<?xml version="1.0" encoding="utf-8"?>
<Project ToolsVersion="4.0" xmlns="http://schemas.microsoft.com/developer/msbuild/2003">
  <ItemGroup>
    <Filter Include="Source Files">
      <UniqueIdentifier>{4FC737F1-C7A5-4376-A066-2A32D752A2FF}</UniqueIdentifier>
      <Extensions>cpp;c;cc;cxx;c++;cppm;ixx;def;odl;idl;hpj;bat;asm;asmx</Extensions>
    </Filter>
    <Filter Include="Header Files">
      <UniqueIdentifier>{93995380-89BD-4b04-88EB-625FBE52EBFB}</UniqueIdentifier>
      <Extensions>h;hh;hpp;hxx;h++;hm;inl;inc;ipp;xsd</Extensions>
    </Filter>
    <Filter Include="Resource Files">
      <UniqueIdentifier>{67DA6AB6-F800-4c08-8B7A-83BB121AAD01}</UniqueIdentifier>
      <Extensions>rc;ico;cur;bmp;dlg;rc2;rct;bin;rgs;gif;jpg;jpeg;jpe;resx;tiff;tif;png;wav;mfcribbon-ms</Extensions>
    </Filter>
  </ItemGroup>
  <ItemGroup>
    <ClCompile Include="src\main.cpp">
      <Filter>Source Files</Filter>
    </ClCompile>
    <ClCompile Include="src\Game\Game.cpp">
      <Filter>Source Files</Filter>
    </ClCompile>
    <ClCompile Include="src\ErrorHandler\ErrorHandler.cpp">
      <Filter>Source Files</Filter>
    </ClCompile>
    <ClCompile Include="src\TextAsset\FontAsset.cpp">
      <Filter>Source Files</Filter>
    </ClCompile>
    <ClCompile Include="src\TextAsset\TextAsset.cpp">
      <Filter>Source Files</Filter>
    </ClCompile>
    <ClCompile Include="src\Vector2Int\Vector2Int.cpp">
      <Filter>Source Files</Filter>
    </ClCompile>
    <ClCompile Include="src\KeyJoy\KeyJoy.cpp">
      <Filter>Source Files</Filter>
    </ClCompile>
    <ClCompile Include="src\SceneManager\SceneManager.cpp">
      <Filter>Source Files</Filter>
    </ClCompile>
    <ClCompile Include="src\Scenes\Menus\MenuScene.cpp">
      <Filter>Source Files</Filter>
    </ClCompile>
    <ClCompile Include="src\Scenes\Levels\Lvl2Scene.cpp">
      <Filter>Source Files</Filter>
    </ClCompile>
    <ClCompile Include="src\Scenes\Levels\Lvl1Scene.cpp">
      <Filter>Source Files</Filter>
    </ClCompile>
    <ClCompile Include="src\Scenes\Levels\Lvl3Scene.cpp">
      <Filter>Source Files</Filter>
    </ClCompile>
    <ClCompile Include="src\Scenes\Ends\WinScene.cpp">
      <Filter>Source Files</Filter>
    </ClCompile>
    <ClCompile Include="src\Scenes\Ends\LoseScene.cpp">
      <Filter>Source Files</Filter>
    </ClCompile>
    <ClCompile Include="src\SoundManager\SoundManager.cpp">
      <Filter>Source Files</Filter>
    </ClCompile>
  </ItemGroup>
  <ItemGroup>
    <ClInclude Include="src\Game\Game.h">
      <Filter>Header Files</Filter>
    </ClInclude>
    <ClInclude Include="src\ErrorHandler\ErrorHandler.h">
      <Filter>Header Files</Filter>
    </ClInclude>
    <ClInclude Include="src\TextAsset\FontAsset.h">
      <Filter>Header Files</Filter>
    </ClInclude>
    <ClInclude Include="src\TextAsset\TextAsset.h">
      <Filter>Header Files</Filter>
    </ClInclude>
    <ClInclude Include="src\Vector2Int\Vector2Int.h">
      <Filter>Header Files</Filter>
    </ClInclude>
    <ClInclude Include="src\KeyJoy\KeyJoy.h">
      <Filter>Header Files</Filter>
    </ClInclude>
    <ClInclude Include="src\SceneManager\SceneManager.h">
      <Filter>Header Files</Filter>
    </ClInclude>
    <ClInclude Include="src\SceneManager\Scene.h">
      <Filter>Header Files</Filter>
    </ClInclude>
    <ClInclude Include="src\SceneManager\SMBroker.h">
      <Filter>Header Files</Filter>
    </ClInclude>
    <ClInclude Include="src\Scenes\AllScenes.h">
      <Filter>Header Files</Filter>
    </ClInclude>
    <ClInclude Include="src\Scenes\Menus\MenuScene.h">
      <Filter>Header Files</Filter>
    </ClInclude>
    <ClInclude Include="src\Scenes\PatternScene.h">
      <Filter>Header Files</Filter>
    </ClInclude>
    <ClInclude Include="src\Scenes\Levels\Lvl1Scene.h">
      <Filter>Header Files</Filter>
    </ClInclude>
    <ClInclude Include="src\Scenes\Levels\Lvl2Scene.h">
      <Filter>Header Files</Filter>
    </ClInclude>
    <ClInclude Include="src\Scenes\Levels\Lvl3Scene.h">
      <Filter>Header Files</Filter>
    </ClInclude>
    <ClInclude Include="src\Scenes\Ends\WinScene.h">
      <Filter>Header Files</Filter>
    </ClInclude>
    <ClInclude Include="src\Scenes\Ends\LoseScene.h">
      <Filter>Header Files</Filter>
    </ClInclude>
    <ClInclude Include="src\SoundManager\SoundManager.h">
      <Filter>Header Files</Filter>
    </ClInclude>
  </ItemGroup>
  <ItemGroup>
    <Font Include="assets\Fonts\prstart.ttf" />
  </ItemGroup>
  <ItemGroup>
    <Image Include="assets\Texture\background menu.bmp">
      <Filter>Resource Files</Filter>
    </Image>
    <Image Include="assets\Texture\game over.bmp">
      <Filter>Resource Files</Filter>
    </Image>
    <Image Include="assets\Texture\help.bmp">
      <Filter>Resource Files</Filter>
    </Image>
    <Image Include="assets\Texture\Objects.bmp">
      <Filter>Resource Files</Filter>
    </Image>
    <Image Include="assets\Texture\win.bmp">
      <Filter>Resource Files</Filter>
    </Image>
  </ItemGroup>
  <ItemGroup>
    <Media Include="assets\Effects\start_game.wav">
      <Filter>Resource Files</Filter>
    </Media>
    <Media Include="assets\Effects\hit_paddle.wav">
      <Filter>Resource Files</Filter>
    </Media>
  </ItemGroup>
  <ItemGroup>
    <None Include="SDL2_ttf.dll" />
    <None Include="SDL2.dll" />
    <None Include="SDL2_image.dll" />
    <None Include="SDL2_mixer.dll" />
  </ItemGroup>
</Project>